# This file is automatically @generated by Poetry 2.4.1 and should not be changed by hand.

[[package]]
name = "asgiref"
version = "3.12.1"
description = "ASGI specs, helper code, and adapters"
optional = false
python-versions = ">=3.10"
groups = ["main"]
files = [
    {file = "asgiref-3.12.1-py3-none-any.whl", hash = "sha256:fe386d1c2bff7259ea95929266d12a8cf9a8b5a1c2598402967d8792e7a7c094"},
    {file = "asgiref-3.12.1.tar.gz", hash = "sha256:59dcb51c272ad209d59bed5708a64a333083e86017d7fcdd67498eeab7784340"},
]

[package.extras]
mypy = ["mypy (>=1.14.0)"]
tests = ["pytest", "pytest-asyncio"]

[[package]]
name = "colorama"
version = "0.4.6"
description = "Cross-platform colored terminal text."
optional = false
python-versions = "!=3.0.*,!=3.1.*,!=3.2.*,!=3.3.*,!=3.4.*,!=3.5.*,!=3.6.*,>=2.7"
groups = ["dev"]
markers = "sys_platform == \"win32\""
files = [
    {file = "colorama-0.4.6-py2.py3-none-any.whl", hash = "sha256:4f1d9991f5acc0ca119f9d443620b77f9d6b33703e51011c16baf57afb285fc6"},
    {file = "colorama-0.4.6.tar.gz", hash = "sha256:08695f5cb7ed6e0531a20572697297273c47b8cae5a63ffc6d6ed5c201be6e44"},
]

[[package]]
name = "coverage"
version = "7.15.4"
description = "Code coverage measurement for Python"
optional = false
python-versions = ">=3.10"
groups = ["dev"]
files = [
    {file = "coverage-7.15.4-cp310-cp310-macosx_10_9_x86_64.whl", hash = "sha256:d0be6daac4cce6b8c8dc65886bae1b082ddbca4da8e5cbb5e15166acf253e264"},
    {file = "coverage-7.15.4-cp310-cp310-macosx_11_0_arm64.whl", hash = "sha256:b24e078eabcd6a9caa8b0713f9bc1eeb310bcc960a29d45a3b4fcd4b16d5b11d"},
    {file = "coverage-7.15.4-cp310-cp310-manylinux1_i686.manylinux_2_28_i686.manylinux_2_5_i686.whl", hash = "sha256:cfe20cc8cf8821d4fe54f89106cbf06aa27f37b5bbe3535568065a81539b4150"},
    {file = "coverage-7.15.4-cp310-cp310-manylinux1_x86_64.manylinux_2_28_x86_64.manylinux_2_5_x86_64.whl", hash = "sha256:83cf06cdd687677742caff1a9134833b7a8b75f111519d2cb0e0ba1b9a851e15"},
    {file = "coverage-7.15.4-cp310-cp310-manylinux2014_aarch64.manylinux_2_17_aarch64.manylinux_2_28_aarch64.whl", hash = "sha256:8fa4de68e2a752468ff14b4e15db7def689a71be759e826a31ccecbef69c5fd0"},
    {file = "coverage-7.15.4-cp310-cp310-manylinux2014_ppc64le.manylinux_2_17_ppc64le.manylinux_2_28_ppc64le.whl", hash = "sha256:4dff9daa47d83120c3ec38ce921214242944a832aa04e903e50b5b7ebac8972d"},
    {file = "coverage-7.15.4-cp310-cp310-manylinux_2_31_riscv64.manylinux_2_39_riscv64.whl", hash = "sha256:a093fd37229918976f602aa07aa59e0973cde82186f220c8e197f721f5be0ce4"},
    {file = "coverage-7.15.4-cp310-cp310-musllinux_1_2_aarch64.whl", hash = "sha256:317db01a2cb02552fd67e2b1cca77a4b528a2a277176c5e0bf2cecbb639d3f54"},
    {file = "coverage-7.15.4-cp310-cp310-musllinux_1_2_i686.whl", hash = "sha256:8ee3838dcb656602c3b51e16aed9bfb0822f8d8d6d1c5966d32ec8c104be8e20"},
    {file = "coverage-7.15.4-cp310-cp310-musllinux_1_2_ppc64le.whl", hash = "sha256:425920379052ff1fe465268f3361d35804a241bbdd5a1b592c8cb60df4c52325"},
    {file = "coverage-7.15.4-cp310-cp310-musllinux_1_2_riscv64.whl", hash = "sha256:69bb2400abef928e365ea7d4d9925169ada78ed2295546780002d4b65de3df88"},
    {file = "coverage-7.15.4-cp310-cp310-musllinux_1_2_x86_64.whl", hash = "sha256:81661f82d302484e3119e7c80c519c02fa9bcc2a6b339baf67d67bc89c580f04"},
    {file = "coverage-7.15.4-cp310-cp310-win32.whl", hash = "sha256:cb476b2e828ecb71cb6b6a928d23fd20a7ddb501188022dae1c37499149cc338"},
    {file = "coverage-7.15.4-cp310-cp310-win_amd64.whl", hash = "sha256:3fc2130bf37df31852a8384f12601563a45a0024bccc6624f38355cba7a8d360"},
    {file = "coverage-7.15.4-cp311-cp311-macosx_10_9_x86_64.whl", hash = "sha256:bbac5abad70df71019988f83f26ac7092ff2642975def4429e98dc7585ef3490"},
    {file = "coverage-7.15.4-cp311-cp311-macosx_11_0_arm64.whl", hash = "sha256:357a173465c7ce028d07a95cc2b63b5bf59f50ecdd5ad75c5cbb78ada984048e"},
    {file = "coverage-7.15.4-cp311-cp311-manylinux1_i686.manylinux_2_28_i686.manylinux_2_5_i686.whl", hash = "sha256:21b803935e2efc3acebe9697197a294fccf5dc4e5382bd6369542ff7a7d2a1d7"},
    {file = "coverage-7.15.4-cp311-cp311-manylinux1_x86_64.manylinux_2_28_x86_64.manylinux_2_5_x86_64.whl", hash = "sha256:7a2b580774a4786c1053157c0165e04476e03ff293993d7c148eee784a94bae6"},
    {file = "coverage-7.15.4-cp311-cp311-manylinux2014_aarch64.manylinux_2_17_aarch64.manylinux_2_28_aarch64.whl", hash = "sha256:a9464451c4efffe8d47ace5a540b10b0dc10e879066290f8600872b7f54a419d"},
    {file = "coverage-7.15.4-cp311-cp311-manylinux2014_ppc64le.manylinux_2_17_ppc64le.manylinux_2_28_ppc64le.whl", hash = "sha256:de602f34123c2f4af1c1869c6dbbbd60da6d5983bf01937367295d135cccbfce"},
    {file = "coverage-7.15.4-cp311-cp311-manylinux_2_31_riscv64.manylinux_2_39_riscv64.whl", hash = "sha256:6879ded16a27f3eeca19b900c147e81616e7054db451471a611b2755ee5249f7"},
    {file = "coverage-7.15.4-cp311-cp311-musllinux_1_2_aarch64.whl", hash = "sha256:986be58c3ab54aae8d3496a6225eea74f760fdbe739b38bd442c7e8d133aa53b"},
    {file = "coverage-7.15.4-cp311-cp311-musllinux_1_2_i686.whl", hash = "sha256:c6103639613fe6c1e989082948419bc77a2d26b6c825c99d7fad25f7d3d87afc"},
    {file = "coverage-7.15.4-cp311-cp311-musllinux_1_2_ppc64le.whl", hash = "sha256:d3af93dddb5659276c63bc16ac6466ac2033a70ca816097bbc06345b8ccdf571"},
    {file = "coverage-7.15.4-cp311-cp311-musllinux_1_2_riscv64.whl", hash = "sha256:b10075e5421d04265766a6d1dac809bbeb8a946fbb23c8f82c227409b2190719"},
    {file = "coverage-7.15.4-cp311-cp311-musllinux_1_2_x86_64.whl", hash = "sha256:a67a9f78b2942d87ba8ce3059c642164d2aedd65337377fb52fe9803656bc5c7"},
    {file = "coverage-7.15.4-cp311-cp311-win32.whl", hash = "sha256:69484d1aca26e322e1c3ce03f09341e84524ababad2d7202161738d83cc9f82e"},
    {file = "coverage-7.15.4-cp311-cp311-win_amd64.whl", hash = "sha256:63fd6fcd1dd6e158f7eb78606e72933b3f6d01e7b747f99c6c12d764307a0fdc"},
    {file = "coverage-7.15.4-cp311-cp311-win_arm64.whl", hash = "sha256:ea82116c9893fa89e929b7f197ee5a1950a76e91cc5c85ba503fc02379d04890"},
    {file = "coverage-7.15.4-cp312-cp312-macosx_10_13_x86_64.whl", hash = "sha256:d4fedd1f7f428f9fe83b1ead5e7cc87a43427be31aadafbac3ac0636dc7abb22"},
    {file = "coverage-7.15.4-cp312-cp312-macosx_11_0_arm64.whl", hash = "sha256:37e2f0cdf58e2e1fed4e4d5a8f8786ae2f7eb80b478016876667dc4a01d60a97"},
    {file = "coverage-7.15.4-cp312-cp312-manylinux1_i686.manylinux_2_28_i686.manylinux_2_5_i686.whl", hash = "sha256:fb55d0e70bb15f2e81477613627286581414693d74ac7963c93a790dd453ca9d"},
    {file = "coverage-7.15.4-cp312-cp312-manylinux1_x86_64.manylinux_2_28_x86_64.manylinux_2_5_x86_64.whl", hash = "sha256:899b9da30f3c6c336566e3707495bb23e8302d39d862f01fa78c48b99b9437e2"},
    {file = "coverage-7.15.4-cp312-cp312-manylinux2014_aarch64.manylinux_2_17_aarch64.manylinux_2_28_aarch64.whl", hash = "sha256:d15715e8c46552827e5e4f30a35575a2dbcad14454cf3284c54483946bd16931"},
    {file = "coverage-7.15.4-cp312-cp312-manylinux2014_ppc64le.manylinux_2_17_ppc64le.manylinux_2_28_ppc64le.whl", hash = "sha256:002a438859f7b430bc99afeaf01a6d187dad1d0dc907b64cdeffc632a5db8fd8"},
    {file = "coverage-7.15.4-cp312-cp312-manylinux_2_31_riscv64.manylinux_2_39_riscv64.whl", hash = "sha256:e4193a04b518f7968f3099755f5509ee7cccc6dc2b92a6b14841934d22e222c9"},
    {file = "coverage-7.15.4-cp312-cp312-musllinux_1_2_aarch64.whl", hash = "sha256:e98dcc55d572b38e69d117da7e8e8efb8500f1f5eaf81ecd460a63220790b839"},
    {file = "coverage-7.15.4-cp312-cp312-musllinux_1_2_i686.whl", hash = "sha256:af6c538498ce66c10d3fd541c2a8d5b03da5850355add34e6cba564210cb9e72"},
    {file = "coverage-7.15.4-cp312-cp312-musllinux_1_2_ppc64le.whl", hash = "sha256:1d10025d96ea89fc2f73714dbc4cbd433fe012c1ac9e23f895d7728b238b6e52"},
    {file = "coverage-7.15.4-cp312-cp312-musllinux_1_2_riscv64.whl", hash = "sha256:d802e1947603162ded419bff83ac7489820355d2b856dfb09206574e3a37ac0c"},
    {file = "coverage-7.15.4-cp312-cp312-musllinux_1_2_x86_64.whl", hash = "sha256:c2de40895718f91951b86712b4c5b694acaf9a0a49be13874896f599a1eed3f4"},
    {file = "coverage-7.15.4-cp312-cp312-win32.whl", hash = "sha256:5c3431b2161279b7db5c2a1aa58ae02e5cb8c3c42d93a5094be3f5537bd5b11b"},
    {file = "coverage-7.15.4-cp312-cp312-win_amd64.whl", hash = "sha256:6befeab5fb2b51c958ca4ac6c5d141a1e8240f4f76e46350f1911963deda49cd"},
    {file = "coverage-7.15.4-cp312-cp312-win_arm64.whl", hash = "sha256:67bc345491ab55b837277d76f5775d057e8c7f1ac44d890d8c2c82adde258c6f"},
    {file = "coverage-7.15.4-cp313-cp313-macosx_10_13_x86_64.whl", hash = "sha256:c705b28feb2775dc82a25f1d473a370bc37ff93f5177f4e29ce2425f560f6921"},
    {file = "coverage-7.15.4-cp313-cp313-macosx_11_0_arm64.whl", hash = "sha256:3ff205ab5e3ecc670f6a4dd19d9cbf12ede53dd41cfc1e15716ec961ea6d314e"},
    {file = "coverage-7.15.4-cp313-cp313-manylinux1_i686.manylinux_2_28_i686.manylinux_2_5_i686.whl", hash = "sha256:5172326e861a38b48b48befca15e0f477a26b283337a33a739c8fed229934e36"},
    {file = "coverage-7.15.4-cp313-cp313-manylinux1_x86_64.manylinux_2_28_x86_64.manylinux_2_5_x86_64.whl", hash = "sha256:12b59c90084e3234fb11184886bf4a40f4f16a8c8f867be2e087b81f8e8868d4"},
    {file = "coverage-7.15.4-cp313-cp313-manylinux2014_aarch64.manylinux_2_17_aarch64.manylinux_2_28_aarch64.whl", hash = "sha256:349062d66f00b40fa2c1c222438bad25fabf755631b5d82937fe985c8008615c"},
    {file = "coverage-7.15.4-cp313-cp313-manylinux2014_ppc64le.manylinux_2_17_ppc64le.manylinux_2_28_ppc64le.whl", hash = "sha256:4256ced708e598e05209bc1a8ab4074e04a51dba4c62fb45926a229af675ace7"},
    {file = "coverage-7.15.4-cp313-cp313-manylinux_2_31_riscv64.manylinux_2_39_riscv64.whl", hash = "sha256:d80f974b20782d9612c8b4c9beeca867074c7cf4079d1419843fa25a26428b25"},
    {file = "coverage-7.15.4-cp313-cp313-musllinux_1_2_aarch64.whl", hash = "sha256:2e179f19bfe1d31f8eeeaa12990194d761c4f62f0759661000bca6cd8729f40b"},
    {file = "coverage-7.15.4-cp313-cp313-musllinux_1_2_i686.whl", hash = "sha256:8bc16bb47b7679670eceff71d78bfb7d6e5b143f6c2cd117487ec7c75e0d4b78"},
    {file = "coverage-7.15.4-cp313-cp313-musllinux_1_2_ppc64le.whl", hash = "sha256:1cd685005cd2c4200adfc14cf39a603b9320efab3f18a8f7f156d20c9cc3345f"},
    {file = "coverage-7.15.4-cp313-cp313-musllinux_1_2_riscv64.whl", hash = "sha256:337399ad2c93b3acd2a937627dae8b3e86b66707cd3d3e856347999aadf1ef8d"},
    {file = "coverage-7.15.4-cp313-cp313-musllinux_1_2_x86_64.whl", hash = "sha256:96e257121228ec5cd2bb919276e94ac11074471bc37d68dbae0e8308cce15fff"},
    {file = "coverage-7.15.4-cp313-cp313-win32.whl", hash = "sha256:c65a9e0dfc6143491879da4e13b5e30f8be192055de508d737fb14601edbd22c"},
    {file = "coverage-7.15.4-cp313-cp313-win_amd64.whl", hash = "sha256:2ff8f5e9b8f7a94f0c11c45631eee103dbcb7d63274edd12c56efe1be690b3b4"},
    {file = "coverage-7.15.4-cp313-cp313-win_arm64.whl", hash = "sha256:6e0a8a5083b096487d6cfced94cdd514d8f5db6f113610fb36c0620edb1028cf"},
    {file = "coverage-7.15.4-cp314-cp314-macosx_10_15_x86_64.whl", hash = "sha256:770e9325ab5ea6d56f77e59b29ecfe0ac20b57a82a601876f90494a4dda0386f"},
    {file = "coverage-7.15.4-cp314-cp314-macosx_11_0_arm64.whl", hash = "sha256:d12b33a3a50a1676b7784dc8d00a0c6d66a9f2add4b85a041c19b6a7e53ef23c"},
    {file = "coverage-7.15.4-cp314-cp314-manylinux1_i686.manylinux_2_28_i686.manylinux_2_5_i686.whl", hash = "sha256:5669c8378ebde86f5def7a25d29586631b58acc27ffde04399f678f3dfc6e082"},
    {file = "coverage-7.15.4-cp314-cp314-manylinux1_x86_64.manylinux_2_28_x86_64.manylinux_2_5_x86_64.whl", hash = "sha256:ff97a14362eef486483ed44042ca2027ea257df6ff768e62358ee0c9776925ac"},
    {file = "coverage-7.15.4-cp314-cp314-manylinux2014_aarch64.manylinux_2_17_aarch64.manylinux_2_28_aarch64.whl", hash = "sha256:5a325e815318638aed1655d9c06e6d7c2d3d46c09231ce988070428a8762d734"},
    {file = "coverage-7.15.4-cp314-cp314-manylinux2014_ppc64le.manylinux_2_17_ppc64le.manylinux_2_28_ppc64le.whl", hash = "sha256:474223409d88eb20d2d6a0d37ea60e8647a65a90cc008dc1f0410af5f64f1e0d"},
    {file = "coverage-7.15.4-cp314-cp314-manylinux_2_31_riscv64.manylinux_2_39_riscv64.whl", hash = "sha256:7f2f62ae3cd189dd2e13aece758c57b3eecbd27be070dbd4cbd10936049e5dbf"},
    {file = "coverage-7.15.4-cp314-cp314-musllinux_1_2_aarch64.whl", hash = "sha256:39ece820e29e0a2ba34b3ecb3be83c27e997eed8926f2ba6fe7ce7a0bda5843b"},
    {file = "coverage-7.15.4-cp314-cp314-musllinux_1_2_i686.whl", hash = "sha256:f21b56dcace11dfe013014201f577dcd592b2a9b72182d930361b47cf6f73f25"},
    {file = "coverage-7.15.4-cp314-cp314-musllinux_1_2_ppc64le.whl", hash = "sha256:93a3a0b662abcc10c73a47cbc72cd60f63618d6989fb2d1286e50eacd974f303"},
    {file = "coverage-7.15.4-cp314-cp314-musllinux_1_2_riscv64.whl", hash = "sha256:141fae2cabf5569b782c10afc4c850ce10f618c13f8db54765cba99cc839da1f"},
    {file = "coverage-7.15.4-cp314-cp314-musllinux_1_2_x86_64.whl", hash = "sha256:81294c7e6ab30c5f74c0353b11b2fd6320e72d9bee6ac73b357caa8b916323a5"},
    {file = "coverage-7.15.4-cp314-cp314-win32.whl", hash = "sha256:7bbd7d6418e0dab31a206af5203bd43ae36edb8e7fba1940b055d3e9249290d7"},
    {file = "coverage-7.15.4-cp314-cp314-win_amd64.whl", hash = "sha256:f0204ed122758782970526057093f448051a39db9d810d4e344bb87a3546f425"},
    {file = "coverage-7.15.4-cp314-cp314-win_arm64.whl", hash = "sha256:9e71e7bc71c686a123347ae47a0de33a175e797a85bb57b791492adf4eec8ed8"},
    {file = "coverage-7.15.4-cp314-cp314t-macosx_10_15_x86_64.whl", hash = "sha256:7c922735321eef3f87c280a3d39afff6b646723a2880b862cda4ac7a093b8aa8"},
    {file = "coverage-7.15.4-cp314-cp314t-macosx_11_0_arm64.whl", hash = "sha256:f41c17c4668a655ce96d090d8d5ffdc24ef64b5a02f9753884d08483e8a4a41a"},
    {file = "coverage-7.15.4-cp314-cp314t-manylinux1_i686.manylinux_2_28_i686.manylinux_2_5_i686.whl", hash = "sha256:46822e9b6ff1c6a72b518c162c44a8f45a61a1d609c51084bf5b16c023c5037b"},
    {file = "coverage-7.15.4-cp314-cp314t-manylinux1_x86_64.manylinux_2_28_x86_64.manylinux_2_5_x86_64.whl", hash = "sha256:3d6f4955b73b5445271379a59e3792b0d978f42d4a01e0cf7a67d9c33a3bb0a5"},
    {file = "coverage-7.15.4-cp314-cp314t-manylinux2014_aarch64.manylinux_2_17_aarch64.manylinux_2_28_aarch64.whl", hash = "sha256:3fc9e047706fb4a9abb54f719d3aa643e80e5bb3818182c40aee01ac0f0247ba"},
    {file = "coverage-7.15.4-cp314-cp314t-manylinux2014_ppc64le.manylinux_2_17_ppc64le.manylinux_2_28_ppc64le.whl", hash = "sha256:05e491d4f3165d62d4f5c8fd48dfeabf2ae8f42cbbd484319af33ea851b78982"},
    {file = "coverage-7.15.4-cp314-cp314t-manylinux_2_31_riscv64.manylinux_2_39_riscv64.whl", hash = "sha256:226c66e80ec0598d3b9b4874123df167ccca342aca8714f77cac6829688ee09c"},
    {file = "coverage-7.15.4-cp314-cp314t-musllinux_1_2_aarch64.whl", hash = "sha256:ac41cc14bebda0dbfb0628036b7f75706935c95bcc07fefe9a0f93614aa60a57"},
    {file = "coverage-7.15.4-cp314-cp314t-musllinux_1_2_i686.whl", hash = "sha256:8af623e5cd92080acddd02b38f2f406a2c3a0893c38950b211890361448fbf26"},
    {file = "coverage-7.15.4-cp314-cp314t-musllinux_1_2_ppc64le.whl", hash = "sha256:07545711d4f0f32852a18f18ad11f76f0109909d09e78b9008b4cfc67e829429"},
    {file = "coverage-7.15.4-cp314-cp314t-musllinux_1_2_riscv64.whl", hash = "sha256:a0865421cfdc53654b342d515e5a233187590882d20b95752150e53f65460017"},
    {file = "coverage-7.15.4-cp314-cp314t-musllinux_1_2_x86_64.whl", hash = "sha256:460115e32ee40566476db5048f9bec1e842c127ad8e6f8be745aad3ac9cbc839"},
    {file = "coverage-7.15.4-cp314-cp314t-win32.whl", hash = "sha256:cbde877ef9dd7baf272b9bfef2b8a25edd45d9170fc326951dd20eb480335e85"},
    {file = "coverage-7.15.4-cp314-cp314t-win_amd64.whl", hash = "sha256:3da9e92d1c551fd7563833e9ade686efb0c4b7363ab7681a94283958c950bf5e"},
    {file = "coverage-7.15.4-cp314-cp314t-win_arm64.whl", hash = "sha256:3a54f5a0d85050c73a38f6793090ee83974531e67fe5e57a1da9bee11398aa5e"},
    {file = "coverage-7.15.4-cp315-cp315-macosx_10_15_x86_64.whl", hash = "sha256:2c9872e4d9dc5d3cf616bf4b382f5a00359305a5be666a3dd0b5cdb4e49597f9"},
    {file = "coverage-7.15.4-cp315-cp315-macosx_11_0_arm64.whl", hash = "sha256:e101dbb4b9b72f0cddd8cdc8c9c5b47f456766f5e0ac82dbfb75e5c55409b78a"},
    {file = "coverage-7.15.4-cp315-cp315-manylinux1_i686.manylinux_2_28_i686.manylinux_2_5_i686.whl", hash = "sha256:7d1abebdb047729e852b9c77a00497dfbeb11eb3a117e037d7dbc3ac8e5f5c54"},
    {file = "coverage-7.15.4-cp315-cp315-manylinux1_x86_64.manylinux_2_28_x86_64.manylinux_2_5_x86_64.whl", hash = "sha256:d28a4a899354d0ea6214cc59b4fa19eefbce1b9ff1688ab579acf49e894bd3fb"},
    {file = "coverage-7.15.4-cp315-cp315-manylinux2014_aarch64.manylinux_2_17_aarch64.manylinux_2_28_aarch64.whl", hash = "sha256:ffb3c2aacea411cc7e1d27712490c11108e2de1d39019ae32915493a59a8b9ed"},
    {file = "coverage-7.15.4-cp315-cp315-manylinux2014_ppc64le.manylinux_2_17_ppc64le.manylinux_2_28_ppc64le.whl", hash = "sha256:a9447978a92f405d301123cfd39ff49895490efb769a758fe2734c7f631bf8ce"},
    {file = "coverage-7.15.4-cp315-cp315-manylinux_2_31_riscv64.manylinux_2_39_riscv64.whl", hash = "sha256:050467a7983b8e2fe7dd41a78bb30c3e7f8c0b8cafda14b1c46f8b5e3cf2dd3c"},
    {file = "coverage-7.15.4-cp315-cp315-musllinux_1_2_aarch64.whl", hash = "sha256:d003b7a5708ddad5c206c79607a6b92abb6fc13c57d99d8a4468cc03a2941ced"},
    {file = "coverage-7.15.4-cp315-cp315-musllinux_1_2_i686.whl", hash = "sha256:c38efe30fd74e5c19e9433f11fb1f5dc9c6522770971b7c6145bbaa413dc8800"},
    {file = "coverage-7.15.4-cp315-cp315-musllinux_1_2_ppc64le.whl", hash = "sha256:1f4f826d70f772ab8b0c052329580d7fe8b8abd191e4ce0c8f81aec6614665d3"},
    {file = "coverage-7.15.4-cp315-cp315-musllinux_1_2_riscv64.whl", hash = "sha256:4a4bf917c9953f57c957be31c1cd504e3bd2f34d4a352b9d391a3025336f6768"},
    {file = "coverage-7.15.4-cp315-cp315-musllinux_1_2_x86_64.whl", hash = "sha256:1c9bf40ebef178a45192c75c4964760bb261b0e6ad725da5fc4c93f674f19753"},
    {file = "coverage-7.15.4-cp315-cp315-win32.whl", hash = "sha256:43619d04c3671792d2c4706ae8bf45e265dc87bbd4078189ef8b847ea1e74be2"},
    {file = "coverage-7.15.4-cp315-cp315-win_amd64.whl", hash = "sha256:be619439dbcd31a2eab10b32de9fff62c26ed4bab69dc32b8363fdaaa0882809"},
    {file = "coverage-7.15.4-cp315-cp315-win_arm64.whl", hash = "sha256:def597967dafc2e8d97c9097ea453c464e0bb8ed38f193a43070f10dc623bb6d"},
    {file = "coverage-7.15.4-cp315-cp315t-macosx_10_15_x86_64.whl", hash = "sha256:c7dbc748ac8a1e3e59a2b28bea47675e6e778081dbbf081bde0d75def2fcbe1d"},
    {file = "coverage-7.15.4-cp315-cp315t-macosx_11_0_arm64.whl", hash = "sha256:2413074a5ecbb61a01a7888fc72db0ca324d13588c5b38bc0dd8564cdcdfea26"},
    {file = "coverage-7.15.4-cp315-cp315t-manylinux1_i686.manylinux_2_28_i686.manylinux_2_5_i686.whl", hash = "sha256:4e6f6f632b7b2f714bf7a1346e8f97b650ee71f3c298aaad42a2ab60f0f07645"},
    {file = "coverage-7.15.4-cp315-cp315t-manylinux1_x86_64.manylinux_2_28_x86_64.manylinux_2_5_x86_64.whl", hash = "sha256:8df457da2249d3c75ca2e5e835d59c725abfe92d27fdff6cd99eed85b51d5e9a"},
    {file = "coverage-7.15.4-cp315-cp315t-manylinux2014_aarch64.manylinux_2_17_aarch64.manylinux_2_28_aarch64.whl", hash = "sha256:050f66a08805acb5b8a23c6d4a517b1ecf82c08e81ed0e4bd727df065e5c6624"},
    {file = "coverage-7.15.4-cp315-cp315t-manylinux2014_ppc64le.manylinux_2_17_ppc64le.manylinux_2_28_ppc64le.whl", hash = "sha256:1587fb771d1ccceef708fdde1e5af8c7ed24b486b61d13a321acb7d8145390aa"},
    {file = "coverage-7.15.4-cp315-cp315t-manylinux_2_31_riscv64.manylinux_2_39_riscv64.whl", hash = "sha256:8b4f1c3a69ca580f3fbd6b2046915f536d7f586874f25c1bb23add2a3c88d50f"},
    {file = "coverage-7.15.4-cp315-cp315t-musllinux_1_2_aarch64.whl", hash = "sha256:ffb58d7eff5b7f6ecc6fa21d6288ab7f968a212cb67d682c269c09b9eba3b66f"},
    {file = "coverage-7.15.4-cp315-cp315t-musllinux_1_2_i686.whl", hash = "sha256:d9df165544774574ee004b953023d1bebada1894a80b1052a43d798b0f676e67"},
    {file = "coverage-7.15.4-cp315-cp315t-musllinux_1_2_ppc64le.whl", hash = "sha256:f9de0a24a4079b53e523b5c5e2c5945ec251ab486652659955187cf255a259bc"},
    {file = "coverage-7.15.4-cp315-cp315t-musllinux_1_2_riscv64.whl", hash = "sha256:150089274bdc9f940628552cb92844e0223c987f1902ab8efe9f45a2ec758d88"},
    {file = "coverage-7.15.4-cp315-cp315t-musllinux_1_2_x86_64.whl", hash = "sha256:a58a94fed5da6997d258e8f7668c1e195fbd04a691d781b7558f1e468f9e68bc"},
    {file = "coverage-7.15.4-cp315-cp315t-win32.whl", hash = "sha256:ebd5a6d8466ff30836572f3ba2cae8a5e8f85029b1c6d5e2ed338dc472a5166a"},
    {file = "coverage-7.15.4-cp315-cp315t-win_amd64.whl", hash = "sha256:288bde2a2d7ab6b6c2d7252fcde8b524387f2d970bdba9658fc6f8bbcaef0f9b"},
    {file = "coverage-7.15.4-cp315-cp315t-win_arm64.whl", hash = "sha256:68be5e1de60ff13c9095bbec0e5a7fa45b33b101752215b91345ea1f61c4a278"},
    {file = "coverage-7.15.4-py3-none-any.whl", hash = "sha256:964730a1e9de9c0cf11be6a1a3c79ce419c34882842abd256086ba4698705e84"},
    {file = "coverage-7.15.4.tar.gz", hash = "sha256:0548198fff07ccf4faf469520bce1c2eceb1ce3e62891921138dec10907f9d00"},
]

[package.extras]
toml = ["tomli ; python_full_version <= \"3.11.0a6\""]

[[package]]
name = "django"
version = "5.2.17"
description = "A high-level Python web framework that encourages rapid development and clean, pragmatic design."
optional = false
python-versions = ">=3.10"
groups = ["main"]
files = [
    {file = "django-5.2.17-py3-none-any.whl", hash = "sha256:f04fb3b36ee119e1af4fa1d397d5fd6cf12700f49321e84d4f4c642c5b1973db"},
    {file = "django-5.2.17.tar.gz", hash = "sha256:9d4d93be539a18ab80d058eb515900e10951e04c537c5a6b394fc49528d3251f"},
]

[package.dependencies]
asgiref = ">=3.8.1"
sqlparse = ">=0.3.1"
tzdata = {version = "*", markers = "sys_platform == \"win32\""}

[package.extras]
argon2 = ["argon2-cffi (>=19.1.0)"]
bcrypt = ["bcrypt"]

[[package]]
name = "django-cors-headers"
version = "4.9.0"
description = "django-cors-headers is a Django application for handling the server headers required for Cross-Origin Resource Sharing (CORS)."
optional = false
python-versions = ">=3.9"
groups = ["main"]
files = [
    {file = "django_cors_headers-4.9.0-py3-none-any.whl", hash = "sha256:15c7f20727f90044dcee2216a9fd7303741a864865f0c3657e28b7056f61b449"},
    {file = "django_cors_headers-4.9.0.tar.gz", hash = "sha256:fe5d7cb59fdc2c8c646ce84b727ac2bca8912a247e6e68e1fb507372178e59e8"},
]

[package.dependencies]
asgiref = ">=3.6"
django = ">=4.2"

[[package]]
name = "djangorestframework"
version = "3.18.0"
description = "Web APIs for Django, made easy."
optional = false
python-versions = ">=3.10"
groups = ["main"]
files = [
    {file = "djangorestframework-3.18.0-py3-none-any.whl", hash = "sha256:381fc44d3249c9565c5f723850855b734e99030eb30957a49f506d3fe11d7dcb"},
    {file = "djangorestframework-3.18.0.tar.gz", hash = "sha256:2323a5111837e0b784dcb8323abc78ecc54fa2a5af7aff2677cf50cdd849477f"},
]

[package.dependencies]
django = ">=5.2"

[[package]]
name = "djangorestframework-simplejwt"
version = "5.5.1"
description = "A minimal JSON Web Token authentication plugin for Django REST Framework"
optional = false
python-versions = ">=3.9"
groups = ["main"]
files = [
    {file = "djangorestframework_simplejwt-5.5.1-py3-none-any.whl", hash = "sha256:2c30f3707053d384e9f315d11c2daccfcb548d4faa453111ca19a542b732e469"},
    {file = "djangorestframework_simplejwt-5.5.1.tar.gz", hash = "sha256:e72c5572f51d7803021288e2057afcbd03f17fe11d484096f40a460abc76e87f"},
]

[package.dependencies]
django = ">=4.2"
djangorestframework = ">=3.14"
pyjwt = ">=1.7.1"

[package.extras]
crypto = ["cryptography (>=3.3.1)"]
dev = ["Sphinx", "cryptography", "freezegun", "ipython", "pre-commit", "pytest", "pytest-cov", "pytest-django", "pytest-watch", "pytest-xdist", "python-jose (==3.3.0)", "pyupgrade", "ruff", "sphinx_rtd_theme (>=0.1.9)", "tox", "twine", "wheel", "yesqa"]
doc = ["Sphinx", "sphinx_rtd_theme (>=0.1.9)"]
lint = ["pre-commit", "pyupgrade", "ruff", "yesqa"]
python-jose = ["python-jose (==3.3.0)"]
test = ["cryptography", "freezegun", "pytest", "pytest-cov", "pytest-django", "pytest-xdist", "tox"]

[[package]]
name = "et-xmlfile"
version = "2.0.0"
description = "An implementation of lxml.xmlfile for the standard library"
optional = false
python-versions = ">=3.8"
groups = ["main"]
files = [
    {file = "et_xmlfile-2.0.0-py3-none-any.whl", hash = "sha256:7a91720bc756843502c3b7504c77b8fe44217c85c537d85037f0f536151b2caa"},
    {file = "et_xmlfile-2.0.0.tar.gz", hash = "sha256:dab3f4764309081ce75662649be815c4c9081e88f0837825f90fd28317d4da54"},
]

[[package]]
name = "factory-boy"
version = "3.3.3"
description = "A versatile test fixtures replacement based on thoughtbot's factory_bot for Ruby."
optional = false
python-versions = ">=3.8"
groups = ["dev"]
files = [
    {file = "factory_boy-3.3.3-py2.py3-none-any.whl", hash = "sha256:1c39e3289f7e667c4285433f305f8d506efc2fe9c73aaea4151ebd5cdea394fc"},
    {file = "factory_boy-3.3.3.tar.gz", hash = "sha256:866862d226128dfac7f2b4160287e899daf54f2612778327dd03d0e2cb1e3d03"},
]

[package.dependencies]
Faker = ">=0.7.0"

[package.extras]
dev = ["Django", "Pillow", "SQLAlchemy", "coverage", "flake8", "isort", "mongoengine", "mongomock", "mypy", "tox", "wheel (>=0.32.0)", "zest.releaser[recommended]"]
doc = ["Sphinx", "sphinx-rtd-theme", "sphinxcontrib-spelling"]

[[package]]
name = "faker"
version = "22.7.0"
description = "Faker is a Python package that generates fake data for you."
optional = false
python-versions = ">=3.8"
groups = ["dev"]
files = [
    {file = "Faker-22.7.0-py3-none-any.whl", hash = "sha256:d12edbac08a82a75ecd588f299f44f12e33f000c15fe414abc417f0836cb51ae"},
    {file = "Faker-22.7.0.tar.gz", hash = "sha256:f797529ebeb9bd9e1851106b99e156c9bebe67d2730c8393a1705ed1c864f1bf"},
]

[package.dependencies]
python-dateutil = ">=2.4"

[[package]]
name = "freezegun"
version = "1.5.5"
description = "Let your Python tests travel through time"
optional = false
python-versions = ">=3.8"
groups = ["dev"]
files = [
    {file = "freezegun-1.5.5-py3-none-any.whl", hash = "sha256:cd557f4a75cf074e84bc374249b9dd491eaeacd61376b9eb3c423282211619d2"},
    {file = "freezegun-1.5.5.tar.gz", hash = "sha256:ac7742a6cc6c25a2c35e9292dfd554b897b517d2dec26891a2e8debf205cb94a"},
]

[package.dependencies]
python-dateutil = ">=2.7"

[[package]]
name = "iniconfig"
version = "2.3.0"
description = "brain-dead simple config-ini parsing"
optional = false
python-versions = ">=3.10"
groups = ["dev"]
files = [
    {file = "iniconfig-2.3.0-py3-none-any.whl", hash = "sha256:f631c04d2c48c52b84d0d0549c99ff3859c98df65b3101406327ecc7d53fbf12"},
    {file = "iniconfig-2.3.0.tar.gz", hash = "sha256:c76315c77db068650d49c5b56314774a7804df16fee4402c1f19d6d15d8c4730"},
]

[[package]]
name = "mysqlclient"
version = "2.2.8"
description = "Python interface to MySQL"
optional = false
python-versions = ">=3.10"
groups = ["main"]
files = [
    {file = "mysqlclient-2.2.8-cp310-cp310-win_amd64.whl", hash = "sha256:86db31bba7b3480fec2751350e9790e24f016f89af33a87bab7e79f7196474e8"},
    {file = "mysqlclient-2.2.8-cp311-cp311-win_amd64.whl", hash = "sha256:60c9ed339dc09e3d5380cc2a9f42e86754fee25a661ced77a02df77990664c92"},
    {file = "mysqlclient-2.2.8-cp312-cp312-win_amd64.whl", hash = "sha256:000c7ec3d11e7c411db832e4cfcd7f05db47464326381f5d5ae991b4bb572f93"},
    {file = "mysqlclient-2.2.8-cp313-cp313-win_amd64.whl", hash = "sha256:a81f5e12f8d05439709cb02fba97f9f76d1a6c528164f2260d8798fec969e300"},
    {file = "mysqlclient-2.2.8-cp314-cp314-win_amd64.whl", hash = "sha256:9bed7c8d3b629bdc09e17fb628d5b3b0a5fd1f12b09432b464b9126c727bedc0"},
    {file = "mysqlclient-2.2.8-cp314-cp314t-win_amd64.whl", hash = "sha256:260cce0e81446c83bf0a389e0fae38d68547d9f8fc0833bc733014e10ce28a99"},
    {file = "mysqlclient-2.2.8.tar.gz", hash = "sha256:8ed20c5615a915da451bb308c7d0306648a4fd9a2809ba95c992690006306199"},
]

[[package]]
name = "openpyxl"
version = "3.1.5"
description = "A Python library to read/write Excel 2010 xlsx/xlsm files"
optional = false
python-versions = ">=3.8"
groups = ["main"]
files = [
    {file = "openpyxl-3.1.5-py2.py3-none-any.whl", hash = "sha256:5282c12b107bffeef825f4617dc029afaf41d0ea60823bbb665ef3079dc79de2"},
    {file = "openpyxl-3.1.5.tar.gz", hash = "sha256:cf0e3cf56142039133628b5acffe8ef0c12bc902d2aadd3e0fe5878dc08d1050"},
]

[package.dependencies]
et-xmlfile = "*"

[[package]]
name = "packaging"
version = "26.3"
description = "Core utilities for Python packages"
optional = false
python-versions = ">=3.9"
groups = ["dev"]
files = [
    {file = "packaging-26.3-py3-none-any.whl", hash = "sha256:d7193f7c8e4e93f444fde0262bf90af30e16fa0ad0ad44cb553c87339b23cd1c"},
    {file = "packaging-26.3.tar.gz", hash = "sha256:94edc256424af38762eb31306eed28beb9f0efc50a8837492c9d6fd6004aed79"},
]

[[package]]
name = "pluggy"
version = "1.6.0"
description = "plugin and hook calling mechanisms for python"
optional = false
python-versions = ">=3.9"
groups = ["dev"]
files = [
    {file = "pluggy-1.6.0-py3-none-any.whl", hash = "sha256:e920276dd6813095e9377c0bc5566d94c932c33b27a3e3945d8389c374dd4746"},
    {file = "pluggy-1.6.0.tar.gz", hash = "sha256:7dcc130b76258d33b90f61b658791dede3486c3e6bfb003ee5c9bfb396dd22f3"},
]

[package.extras]
dev = ["pre-commit", "tox"]
testing = ["coverage", "pytest", "pytest-benchmark"]

[[package]]
name = "pyjwt"
version = "2.13.0"
description = "JSON Web Token implementation in Python"
optional = false
python-versions = ">=3.9"
groups = ["main"]
files = [
    {file = "pyjwt-2.13.0-py3-none-any.whl", hash = "sha256:66adcc2aff09b3f1bbd95fc1e1577df8ac8723c978552fd43304c8a290ac5728"},
    {file = "pyjwt-2.13.0.tar.gz", hash = "sha256:41571c89ca91598c79e8ef18a2d07367d4810fbbd6f637794879baf1b7703423"},
]

[package.extras]
crypto = ["cryptography (>=3.4.0)"]

[[package]]
name = "pytest"
version = "7.4.4"
description = "pytest: simple powerful testing with Python"
optional = false
python-versions = ">=3.7"
groups = ["dev"]
files = [
    {file = "pytest-7.4.4-py3-none-any.whl", hash = "sha256:b090cdf5ed60bf4c45261be03239c2c1c22df034fbffe691abe93cd80cea01d8"},
    {file = "pytest-7.4.4.tar.gz", hash = "sha256:2cf0005922c6ace4a3e2ec8b4080eb0d9753fdc93107415332f50ce9e7994280"},
]

[package.dependencies]
colorama = {version = "*", markers = "sys_platform == \"win32\""}
iniconfig = "*"
packaging = "*"
pluggy = ">=0.12,<2.0"

[package.extras]
testing = ["argcomplete", "attrs (>=19.2.0)", "hypothesis (>=3.56)", "mock", "nose", "pygments (>=2.7.2)", "requests", "setuptools", "xmlschema"]

[[package]]
name = "pytest-cov"
version = "4.1.0"
description = "Pytest plugin for measuring coverage."
optional = false
python-versions = ">=3.7"
groups = ["dev"]
files = [
    {file = "pytest-cov-4.1.0.tar.gz", hash = "sha256:3904b13dfbfec47f003b8e77fd5b589cd11904a21ddf1ab38a64f204d6a10ef6"},
    {file = "pytest_cov-4.1.0-py3-none-any.whl", hash = "sha256:6ba70b9e97e69fcc3fb45bfeab2d0a138fb65c4d0d6a41ef33983ad114be8c3a"},
]

[package.dependencies]
coverage = {version = ">=5.2.1", extras = ["toml"]}
pytest = ">=4.6"

[package.extras]
testing = ["fields", "hunter", "process-tests", "pytest-xdist", "six", "virtualenv"]

[[package]]
name = "pytest-django"
version = "4.14.0"
description = "A Django plugin for pytest."
optional = false
python-versions = ">=3.10"
groups = ["dev"]
files = [
    {file = "pytest_django-4.14.0-py3-none-any.whl", hash = "sha256:c533b08d89cc675efcd5398eea270b34547e35f9a3608e2c9748dd88428ea187"},
    {file = "pytest_django-4.14.0.tar.gz", hash = "sha256:26787dd3f422cfbab8f55b80a776e2edea7a11092cb74e960bef1312515708ef"},
]

[package.dependencies]
pytest = ">=7.0.0"

[package.extras]
django = ["django (>=5.2)"]
docs = ["sphinx", "sphinx-rtd-theme"]

[[package]]
name = "python-dateutil"
version = "2.9.0.post0"
description = "Extensions to the standard Python datetime module"
optional = false
python-versions = "!=3.0.*,!=3.1.*,!=3.2.*,>=2.7"
groups = ["dev"]
files = [
    {file = "python-dateutil-2.9.0.post0.tar.gz", hash = "sha256:37dd54208da7e1cd875388217d5e00ebd4179249f90fb72437e91a35459a0ad3"},
    {file = "python_dateutil-2.9.0.post0-py2.py3-none-any.whl", hash = "sha256:a8b2bc7bffae282281c8140a97d3aa9c14da0b136dfe83f850eea9a5f7470427"},
]

[package.dependencies]
six = ">=1.5"

[[package]]
name = "python-decouple"
version = "3.8"
description = "Strict separation of settings from code."
optional = false
python-versions = "*"
groups = ["main"]
files = [
    {file = "python-decouple-3.8.tar.gz", hash = "sha256:ba6e2657d4f376ecc46f77a3a615e058d93ba5e465c01bbe57289bfb7cce680f"},
    {file = "python_decouple-3.8-py3-none-any.whl", hash = "sha256:d0d45340815b25f4de59c974b855bb38d03151d81b037d9e3f463b0c9f8cbd66"},
]

[[package]]
name = "ruff"
version = "0.1.15"
description = "An extremely fast Python linter and code formatter, written in Rust."
optional = false
python-versions = ">=3.7"
groups = ["dev"]
files = [
    {file = "ruff-0.1.15-py3-none-macosx_10_12_x86_64.macosx_11_0_arm64.macosx_10_12_universal2.whl", hash = "sha256:5fe8d54df166ecc24106db7dd6a68d44852d14eb0729ea4672bb4d96c320b7df"},
    {file = "ruff-0.1.15-py3-none-macosx_10_12_x86_64.whl", hash = "sha256:6f0bfbb53c4b4de117ac4d6ddfd33aa5fc31beeaa21d23c45c6dd249faf9126f"},
    {file = "ruff-0.1.15-py3-none-manylinux_2_17_aarch64.manylinux2014_aarch64.whl", hash = "sha256:e0d432aec35bfc0d800d4f70eba26e23a352386be3a6cf157083d18f6f5881c8"},
    {file = "ruff-0.1.15-py3-none-manylinux_2_17_armv7l.manylinux2014_armv7l.whl", hash = "sha256:9405fa9ac0e97f35aaddf185a1be194a589424b8713e3b97b762336ec79ff807"},
    {file = "ruff-0.1.15-py3-none-manylinux_2_17_i686.manylinux2014_i686.whl", hash = "sha256:c66ec24fe36841636e814b8f90f572a8c0cb0e54d8b5c2d0e300d28a0d7bffec"},
    {file = "ruff-0.1.15-py3-none-manylinux_2_17_ppc64.manylinux2014_ppc64.whl", hash = "sha256:6f8ad828f01e8dd32cc58bc28375150171d198491fc901f6f98d2a39ba8e3ff5"},
    {file = "ruff-0.1.15-py3-none-manylinux_2_17_ppc64le.manylinux2014_ppc64le.whl", hash = "sha256:86811954eec63e9ea162af0ffa9f8d09088bab51b7438e8b6488b9401863c25e"},
    {file = "ruff-0.1.15-py3-none-manylinux_2_17_s390x.manylinux2014_s390x.whl", hash = "sha256:fd4025ac5e87d9b80e1f300207eb2fd099ff8200fa2320d7dc066a3f4622dc6b"},
    {file = "ruff-0.1.15-py3-none-manylinux_2_17_x86_64.manylinux2014_x86_64.whl", hash = "sha256:b17b93c02cdb6aeb696effecea1095ac93f3884a49a554a9afa76bb125c114c1"},
    {file = "ruff-0.1.15-py3-none-musllinux_1_2_aarch64.whl", hash = "sha256:ddb87643be40f034e97e97f5bc2ef7ce39de20e34608f3f829db727a93fb82c5"},
    {file = "ruff-0.1.15-py3-none-musllinux_1_2_armv7l.whl", hash = "sha256:abf4822129ed3a5ce54383d5f0e964e7fef74a41e48eb1dfad404151efc130a2"},
    {file = "ruff-0.1.15-py3-none-musllinux_1_2_i686.whl", hash = "sha256:6c629cf64bacfd136c07c78ac10a54578ec9d1bd2a9d395efbee0935868bf852"},
    {file = "ruff-0.1.15-py3-none-musllinux_1_2_x86_64.whl", hash = "sha256:1bab866aafb53da39c2cadfb8e1c4550ac5340bb40300083eb8967ba25481447"},
    {file = "ruff-0.1.15-py3-none-win32.whl", hash = "sha256:2417e1cb6e2068389b07e6fa74c306b2810fe3ee3476d5b8a96616633f40d14f"},
    {file = "ruff-0.1.15-py3-none-win_amd64.whl", hash = "sha256:3837ac73d869efc4182d9036b1405ef4c73d9b1f88da2413875e34e0d6919587"},
    {file = "ruff-0.1.15-py3-none-win_arm64.whl", hash = "sha256:9a933dfb1c14ec7a33cceb1e49ec4a16b51ce3c20fd42663198746efc0427360"},
    {file = "ruff-0.1.15.tar.gz", hash = "sha256:f6dfa8c1b21c913c326919056c390966648b680966febcb796cc9d1aaab8564e"},
]

[[package]]
name = "six"
version = "1.17.0"
description = "Python 2 and 3 compatibility utilities"
optional = false
python-versions = "!=3.0.*,!=3.1.*,!=3.2.*,>=2.7"
groups = ["dev"]
files = [
    {file = "six-1.17.0-py2.py3-none-any.whl", hash = "sha256:4721f391ed90541fddacab5acf947aa0d3dc7d27b2e1e8eda2be8970586c3274"},
    {file = "six-1.17.0.tar.gz", hash = "sha256:ff70335d468e7eb6ec65b95b99d3a2836546063f63acc5171de367e834932a81"},
]

[[package]]
name = "sqlparse"
version = "0.6.0"
description = "A non-validating SQL parser."
optional = false
python-versions = ">=3.10"
groups = ["main"]
files = [
    {file = "sqlparse-0.6.0-py3-none-any.whl", hash = "sha256:b861c0288ce2fa56209a9a6412d2e066ac664b3873b89c26c9d8415e8e32996f"},
    {file = "sqlparse-0.6.0.tar.gz", hash = "sha256:113c35c75365ab9cc9c7231d68c6428fb11c085fc8e9eb1ad659b7ddbf6cd2b9"},
]

[package.extras]
dev = ["build"]
doc = ["furo", "sphinx"]

[[package]]
name = "tzdata"
version = "2026.3"
description = "Provider of IANA time zone data"
optional = false
python-versions = ">=2"
groups = ["main"]
markers = "sys_platform == \"win32\""
files = [
    {file = "tzdata-2026.3-py2.py3-none-any.whl", hash = "sha256:dc096730c87af6cab1b171c9d532be840741ff5d459015e7f6947bd7d7e54931"},
    {file = "tzdata-2026.3.tar.gz", hash = "sha256:4a1518b8993086a7982523e071643f3c0e5f213e75b21318e78bcabfff9d1415"},
]

[[package]]
name = "xlrd"
version = "2.0.2"
description = "Library for developers to extract data from Microsoft Excel (tm) .xls spreadsheet files"
optional = false
python-versions = "!=3.0.*,!=3.1.*,!=3.2.*,!=3.3.*,!=3.4.*,!=3.5.*,>=2.7"
groups = ["main"]
files = [
    {file = "xlrd-2.0.2-py2.py3-none-any.whl", hash = "sha256:ea762c3d29f4cca48d82df517b6d89fbce4db3107f9d78713e48cd321d5c9aa9"},
    {file = "xlrd-2.0.2.tar.gz", hash = "sha256:08b5e25de58f21ce71dc7db3b3b8106c1fa776f3024c54e45b45b374e89234c9"},
]

[package.extras]
build = ["twine", "wheel"]
docs = ["sphinx"]
test = ["pytest", "pytest-cov"]

[metadata]
lock-version = "2.1"
python-versions = "^3.11"
content-hash = "36abf55d8898f4f2084db9ed40e1ece502fd34f9da525bf0bdffab35eab0b931"
